
Microsoft Visual Studio Solution File, Format Version 12.00
# Visual Studio Version 17
VisualStudioVersion = 17.5.33530.505
MinimumVisualStudioVersion = 10.0.40219.1
Project("{FAE04EC0-301F-11D3-BF4B-00C04F79EFBC}") = "CourseSelection", "CourseSelection\CourseSelection.csproj", "{EEF3EEFE-38E2-46F5-97D7-B9F3E16F0836}"
EndProject
Global
	GlobalSection(SolutionConfigurationPlatforms) = preSolution
		Debug|Any CPU = Debug|Any CPU
		Release|Any CPU = Release|Any CPU
	EndGlobalSection
	GlobalSection(ProjectConfigurationPlatforms) = postSolution
		{EEF3EEFE-38E2-46F5-97D7-B9F3E16F0836}.Debug|Any CPU.ActiveCfg = Debug|Any CPU
		{EEF3EEFE-38E2-46F5-97D7-B9F3E16F0836}.Debug|Any CPU.Build.0 = Debug|Any CPU
		{EEF3EEFE-38E2-46F5-97D7-B9F3E16F0836}.Release|Any CPU.ActiveCfg = Release|Any CPU
		{EEF3EEFE-38E2-46F5-97D7-B9F3E16F0836}.Release|Any CPU.Build.0 = Release|Any CPU
	EndGlobalSection
	GlobalSection(SolutionProperties) = preSolution
		HideSolutionNode = FALSE
	EndGlobalSection
	GlobalSection(ExtensibilityGlobals) = postSolution
		SolutionGuid = {B146AB81-B1E9-4182-AD93-A51DAC4528C6}
	EndGlobalSection
EndGlobal
